
Microsoft Visual Studio Solution File, Format Version 12.00
# Visual Studio Version 16
VisualStudioVersion = 16.0.29519.87
MinimumVisualStudioVersion = 10.0.40219.1
Project("{FAE04EC0-301F-11D3-BF4B-00C04F79EFBC}") = "PerformanceTesting", "PerformanceTesting\PerformanceTesting.csproj", "{9CA9333C-2719-48C8-9F4C-642258BE1043}"
EndProject
Project("{FAE04EC0-301F-11D3-BF4B-00C04F79EFBC}") = "KafkaPerformanceTesting", "KafkaPerformanceTesting\KafkaPerformanceTesting.csproj", "{79174823-933E-49C3-BC4E-4473C15B5AAA}"
EndProject
Project("{2150E333-8FDC-42A3-9474-1A3956D46DE8}") = "Resource", "Resource", "{BC66913E-BBA1-4CEF-ADAF-39C08E2D7567}"
EndProject
Global
	GlobalSection(SolutionConfigurationPlatforms) = preSolution
		Debug|Any CPU = Debug|Any CPU
		Release|Any CPU = Release|Any CPU
	EndGlobalSection
	GlobalSection(ProjectConfigurationPlatforms) = postSolution
		{9CA9333C-2719-48C8-9F4C-642258BE1043}.Debug|Any CPU.ActiveCfg = Debug|Any CPU
		{9CA9333C-2719-48C8-9F4C-642258BE1043}.Debug|Any CPU.Build.0 = Debug|Any CPU
		{9CA9333C-2719-48C8-9F4C-642258BE1043}.Release|Any CPU.ActiveCfg = Release|Any CPU
		{9CA9333C-2719-48C8-9F4C-642258BE1043}.Release|Any CPU.Build.0 = Release|Any CPU
		{79174823-933E-49C3-BC4E-4473C15B5AAA}.Debug|Any CPU.ActiveCfg = Debug|Any CPU
		{79174823-933E-49C3-BC4E-4473C15B5AAA}.Debug|Any CPU.Build.0 = Debug|Any CPU
		{79174823-933E-49C3-BC4E-4473C15B5AAA}.Release|Any CPU.ActiveCfg = Release|Any CPU
		{79174823-933E-49C3-BC4E-4473C15B5AAA}.Release|Any CPU.Build.0 = Release|Any CPU
	EndGlobalSection
	GlobalSection(SolutionProperties) = preSolution
		HideSolutionNode = FALSE
	EndGlobalSection
	GlobalSection(ExtensibilityGlobals) = postSolution
		SolutionGuid = {9F989529-E9C3-4E3E-9491-631658C388FB}
	EndGlobalSection
EndGlobal
